<?xml version="1.0" encoding="utf-8"?>
<Project ToolsVersion="4.0" xmlns="http://schemas.microsoft.com/developer/msbuild/2003">
  <ItemGroup>
    <Filter Include="Source Files">
      <UniqueIdentifier>{4FC737F1-C7A5-4376-A066-2A32D752A2FF}</UniqueIdentifier>
      <Extensions>cpp;c;cc;cxx;c++;cppm;ixx;def;odl;idl;hpj;bat;asm;asmx</Extensions>
    </Filter>
    <Filter Include="Header Files">
      <UniqueIdentifier>{93995380-89BD-4b04-88EB-625FBE52EBFB}</UniqueIdentifier>
      <Extensions>h;hh;hpp;hxx;h++;hm;inl;inc;ipp;xsd</Extensions>
    </Filter>
    <Filter Include="Source Files\system">
      <UniqueIdentifier>{e09d6c5d-ae18-4aef-8d83-ea1851e62091}</UniqueIdentifier>
    </Filter>
    <Filter Include="Header Files\system">
      <UniqueIdentifier>{b819863c-bea6-498e-8097-d3e633ea36de}</UniqueIdentifier>
    </Filter>
    <Filter Include="Header Files\game">
      <UniqueIdentifier>{349cd9a4-b180-4014-94e9-1a38c1dee073}</UniqueIdentifier>
    </Filter>
    <Filter Include="Source Files\game">
      <UniqueIdentifier>{19edea46-d69f-4be9-8d17-dc9af413fdf5}</UniqueIdentifier>
    </Filter>
    <Filter Include="Source Files\states">
      <UniqueIdentifier>{e0b9881c-71ea-4490-9b92-ecfa8e9d10f5}</UniqueIdentifier>
    </Filter>
    <Filter Include="Header Files\states">
      <UniqueIdentifier>{b179e65a-d4eb-4aba-8323-3cc0f71f5d55}</UniqueIdentifier>
    </Filter>
    <Filter Include="Source Files\imgui">
      <UniqueIdentifier>{0290baef-67af-4307-957e-0ae7292306af}</UniqueIdentifier>
    </Filter>
    <Filter Include="Header Files\imgui">
      <UniqueIdentifier>{af384356-5c51-4f8a-992a-69104a5fe075}</UniqueIdentifier>
    </Filter>
    <Filter Include="Resource Files">
      <UniqueIdentifier>{67DA6AB6-F800-4c08-8B7A-83BB121AAD01}</UniqueIdentifier>
      <Extensions>rc;ico;cur;bmp;dlg;rc2;rct;bin;rgs;gif;jpg;jpeg;jpe;resx;tiff;tif;png;wav;mfcribbon-ms</Extensions>
    </Filter>
  </ItemGroup>
  <ItemGroup>
    <ClCompile Include="src\main.cpp">
      <Filter>Source Files\system</Filter>
    </ClCompile>
    <ClCompile Include="src\App.cpp">
      <Filter>Source Files\system</Filter>
    </ClCompile>
    <ClCompile Include="src\Horse.cpp">
      <Filter>Source Files\game</Filter>
    </ClCompile>
    <ClCompile Include="src\NameGenerator.cpp">
      <Filter>Source Files\game</Filter>
    </ClCompile>
    <ClCompile Include="src\StringArraySort.cpp">
      <Filter>Source Files\game</Filter>
    </ClCompile>
    <ClCompile Include="src\HorseGeneration.cpp">
      <Filter>Source Files\game</Filter>
    </ClCompile>
    <ClCompile Include="src\StateStack.cpp">
      <Filter>Source Files\states</Filter>
    </ClCompile>
    <ClCompile Include="src\State.cpp">
      <Filter>Source Files\states</Filter>
    </ClCompile>
    <ClCompile Include="src\FontResource.cpp">
      <Filter>Source Files\system</Filter>
    </ClCompile>
    <ClCompile Include="src\MessageBus.cpp">
      <Filter>Source Files\system</Filter>
    </ClCompile>
    <ClCompile Include="extlibs\imgui\imgui.cpp">
      <Filter>Source Files\imgui</Filter>
    </ClCompile>
    <ClCompile Include="extlibs\imgui\imgui_draw.cpp">
      <Filter>Source Files\imgui</Filter>
    </ClCompile>
    <ClCompile Include="extlibs\imgui\imgui_tables.cpp">
      <Filter>Source Files\imgui</Filter>
    </ClCompile>
    <ClCompile Include="extlibs\imgui\imgui_widgets.cpp">
      <Filter>Source Files\imgui</Filter>
    </ClCompile>
    <ClCompile Include="extlibs\imgui\imgui-SFML.cpp">
      <Filter>Source Files\imgui</Filter>
    </ClCompile>
    <ClCompile Include="src\SfmlImguiDemo.cpp">
      <Filter>Source Files\states</Filter>
    </ClCompile>
    <ClCompile Include="src\MenuState.cpp">
      <Filter>Source Files\states</Filter>
    </ClCompile>
    <ClCompile Include="src\RacingTopDown.cpp">
      <Filter>Source Files\states</Filter>
    </ClCompile>
    <ClCompile Include="src\HorseRace.cpp">
      <Filter>Source Files\states</Filter>
    </ClCompile>
  </ItemGroup>
  <ItemGroup>
    <ClInclude Include="include\App.hpp">
      <Filter>Header Files\system</Filter>
    </ClInclude>
    <ClInclude Include="include\Utils.hpp">
      <Filter>Header Files\system</Filter>
    </ClInclude>
    <ClInclude Include="include\Horse.hpp">
      <Filter>Header Files\game</Filter>
    </ClInclude>
    <ClInclude Include="include\NameDictionary.hpp">
      <Filter>Header Files\game</Filter>
    </ClInclude>
    <ClInclude Include="include\NameGenerator.hpp">
      <Filter>Header Files\game</Filter>
    </ClInclude>
    <ClInclude Include="include\StringArraySort.hpp">
      <Filter>Header Files\game</Filter>
    </ClInclude>
    <ClInclude Include="include\HorseGeneration.hpp">
      <Filter>Header Files\game</Filter>
    </ClInclude>
    <ClInclude Include="include\Icon.hpp">
      <Filter>Header Files\system</Filter>
    </ClInclude>
    <ClInclude Include="include\Log.hpp">
      <Filter>Header Files\system</Filter>
    </ClInclude>
    <ClInclude Include="include\StateStack.hpp">
      <Filter>Header Files\states</Filter>
    </ClInclude>
    <ClInclude Include="resource.h">
      <Filter>Header Files</Filter>
    </ClInclude>
    <ClInclude Include="include\State.hpp">
      <Filter>Header Files\states</Filter>
    </ClInclude>
    <ClInclude Include="include\StateIds.hpp">
      <Filter>Header Files\states</Filter>
    </ClInclude>
    <ClInclude Include="include\Resource.hpp">
      <Filter>Header Files\system</Filter>
    </ClInclude>
    <ClInclude Include="include\MessageBus.hpp">
      <Filter>Header Files\system</Filter>
    </ClInclude>
    <ClInclude Include="include\MenuState.hpp">
      <Filter>Header Files\states</Filter>
    </ClInclude>
    <ClInclude Include="include\MakeUnique.hpp">
      <Filter>Header Files\system</Filter>
    </ClInclude>
    <ClInclude Include="extlibs\imgui\imconfig.h">
      <Filter>Header Files\imgui</Filter>
    </ClInclude>
    <ClInclude Include="extlibs\imgui\imconfig-SFML.h">
      <Filter>Header Files\imgui</Filter>
    </ClInclude>
    <ClInclude Include="extlibs\imgui\imgui.h">
      <Filter>Header Files\imgui</Filter>
    </ClInclude>
    <ClInclude Include="extlibs\imgui\imgui_internal.h">
      <Filter>Header Files\imgui</Filter>
    </ClInclude>
    <ClInclude Include="extlibs\imgui\imgui-SFML.h">
      <Filter>Header Files\imgui</Filter>
    </ClInclude>
    <ClInclude Include="extlibs\imgui\imgui-SFML_export.h">
      <Filter>Header Files\imgui</Filter>
    </ClInclude>
    <ClInclude Include="extlibs\imgui\imstb_rectpack.h">
      <Filter>Header Files\imgui</Filter>
    </ClInclude>
    <ClInclude Include="extlibs\imgui\imstb_textedit.h">
      <Filter>Header Files\imgui</Filter>
    </ClInclude>
    <ClInclude Include="extlibs\imgui\imstb_truetype.h">
      <Filter>Header Files\imgui</Filter>
    </ClInclude>
    <ClInclude Include="include\SfmlImguiDemo.hpp">
      <Filter>Header Files\states</Filter>
    </ClInclude>
    <ClInclude Include="include\RacingTopDown.hpp">
      <Filter>Header Files\states</Filter>
    </ClInclude>
    <ClInclude Include="include\HorseRace.hpp">
      <Filter>Header Files\states</Filter>
    </ClInclude>
  </ItemGroup>
  <ItemGroup>
    <ResourceCompile Include="Horse_race.rc">
      <Filter>Resource Files</Filter>
    </ResourceCompile>
  </ItemGroup>
  <ItemGroup>
    <Image Include="hr_icon.ico">
      <Filter>Resource Files</Filter>
    </Image>
  </ItemGroup>
</Project>